
Microsoft Visual Studio Solution File, Format Version 12.00
# Visual Studio 15
VisualStudioVersion = 15.0.26430.13
MinimumVisualStudioVersion = 10.0.40219.1
Project("{2150E333-8FDC-42A3-9474-1A3956D46DE8}") = "1. Presentation", "1. Presentation", "{975E0D49-3ADC-4D92-A2DC-A0D6D56714AD}"
EndProject
Project("{2150E333-8FDC-42A3-9474-1A3956D46DE8}") = "2. Domain", "2. Domain", "{F636B157-F7B2-4CEF-8E4C-7BE8050F3B57}"
EndProject
Project("{2150E333-8FDC-42A3-9474-1A3956D46DE8}") = "API", "API", "{193AB0E9-12E6-4848-B338-121E99143AFF}"
EndProject
Project("{2150E333-8FDC-42A3-9474-1A3956D46DE8}") = "UI", "UI", "{26FF9E02-9A67-44CC-80ED-AD34294A43FD}"
EndProject
Project("{2150E333-8FDC-42A3-9474-1A3956D46DE8}") = "Forms", "Forms", "{08C22FC2-DE41-4E11-97D6-7BF40BEECC80}"
EndProject
Project("{FAE04EC0-301F-11D3-BF4B-00C04F79EFBC}") = "FCY.Superman", "FCY.Superman\FCY.Superman.csproj", "{01CC7757-2533-477D-93BC-545467281D93}"
EndProject
Project("{FAE04EC0-301F-11D3-BF4B-00C04F79EFBC}") = "FCY.Cyborg", "FCY.Cyborg\FCY.Cyborg.csproj", "{2CBD4948-D2FF-4519-9228-7A9147A71543}"
EndProject
Project("{54435603-DBB4-11D2-8724-00A0C9A8B90C}") = "Foreigncy", "Foreigncy\Foreigncy.vdproj", "{6876FB4E-51DB-4132-A7AD-64EEA3038E3C}"
EndProject
Global
	GlobalSection(SolutionConfigurationPlatforms) = preSolution
		Debug|Any CPU = Debug|Any CPU
		Release|Any CPU = Release|Any CPU
	EndGlobalSection
	GlobalSection(ProjectConfigurationPlatforms) = postSolution
		{01CC7757-2533-477D-93BC-545467281D93}.Debug|Any CPU.ActiveCfg = Debug|Any CPU
		{01CC7757-2533-477D-93BC-545467281D93}.Debug|Any CPU.Build.0 = Debug|Any CPU
		{01CC7757-2533-477D-93BC-545467281D93}.Release|Any CPU.ActiveCfg = Release|Any CPU
		{01CC7757-2533-477D-93BC-545467281D93}.Release|Any CPU.Build.0 = Release|Any CPU
		{2CBD4948-D2FF-4519-9228-7A9147A71543}.Debug|Any CPU.ActiveCfg = Debug|Any CPU
		{2CBD4948-D2FF-4519-9228-7A9147A71543}.Debug|Any CPU.Build.0 = Debug|Any CPU
		{2CBD4948-D2FF-4519-9228-7A9147A71543}.Release|Any CPU.ActiveCfg = Release|Any CPU
		{2CBD4948-D2FF-4519-9228-7A9147A71543}.Release|Any CPU.Build.0 = Release|Any CPU
		{6876FB4E-51DB-4132-A7AD-64EEA3038E3C}.Debug|Any CPU.ActiveCfg = Debug
		{6876FB4E-51DB-4132-A7AD-64EEA3038E3C}.Release|Any CPU.ActiveCfg = Release
	EndGlobalSection
	GlobalSection(SolutionProperties) = preSolution
		HideSolutionNode = FALSE
	EndGlobalSection
	GlobalSection(NestedProjects) = preSolution
		{193AB0E9-12E6-4848-B338-121E99143AFF} = {975E0D49-3ADC-4D92-A2DC-A0D6D56714AD}
		{26FF9E02-9A67-44CC-80ED-AD34294A43FD} = {975E0D49-3ADC-4D92-A2DC-A0D6D56714AD}
		{08C22FC2-DE41-4E11-97D6-7BF40BEECC80} = {26FF9E02-9A67-44CC-80ED-AD34294A43FD}
		{01CC7757-2533-477D-93BC-545467281D93} = {08C22FC2-DE41-4E11-97D6-7BF40BEECC80}
		{2CBD4948-D2FF-4519-9228-7A9147A71543} = {F636B157-F7B2-4CEF-8E4C-7BE8050F3B57}
	EndGlobalSection
	GlobalSection(ExtensibilityGlobals) = postSolution
		SolutionGuid = {0D74C9C0-D6B6-455C-9855-EA5A0B3F073D}
	EndGlobalSection
	GlobalSection(TeamFoundationVersionControl) = preSolution
		SccNumberOfProjects = 4
		SccEnterpriseProvider = {4CA58AB2-18FA-4F8D-95D4-32DDF27D184C}
		SccTeamFoundationServer = https://levibrian.visualstudio.com/
		SccLocalPath0 = .
		SccProjectUniqueName1 = FCY.Superman\\FCY.Superman.csproj
		SccProjectTopLevelParentUniqueName1 = Foreigncy.sln
		SccProjectName1 = FCY.Superman
		SccLocalPath1 = FCY.Superman
		SccProjectUniqueName2 = FCY.Cyborg\\FCY.Cyborg.csproj
		SccProjectTopLevelParentUniqueName2 = Foreigncy.sln
		SccProjectName2 = FCY.Cyborg
		SccLocalPath2 = FCY.Cyborg
		SccProjectUniqueName3 = Foreigncy\\Foreigncy.vdproj
		SccProjectName3 = Foreigncy
		SccLocalPath3 = Foreigncy
	EndGlobalSection
EndGlobal
